{
  "requires": true,
  "lockfileVersion": 1,
  "dependencies": {
    "kotlinx-html": {
      "version": "0.6.12",
      "resolved": "https://registry.npmjs.org/kotlinx-html/-/kotlinx-html-0.6.12.tgz",
      "integrity": "sha512-lH19xzE+vcQsl+rU9wBOT99u0o7XbunwRiYrCarjF3pju9k4tklMOYAJa1lS9msb7bZNkXLCvcU21LV25BFhFQ=="
    }
  }
}
